
Microsoft Visual Studio Solution File, Format Version 12.00
# Visual Studio Version 16
VisualStudioVersion = 16.0.31005.135
MinimumVisualStudioVersion = 10.0.40219.1
Project("{9A19103F-16F7-4668-BE54-9A1E7A4F7556}") = "Role-PlayingGame", "Role-PlayingGame.csproj", "{72F69247-12C4-4F03-9854-F0900C95F8F6}"
EndProject
Global
	GlobalSection(SolutionConfigurationPlatforms) = preSolution
		Debug|Any CPU = Debug|Any CPU
		Release|Any CPU = Release|Any CPU
	EndGlobalSection
	GlobalSection(ProjectConfigurationPlatforms) = postSolution
		{72F69247-12C4-4F03-9854-F0900C95F8F6}.Debug|Any CPU.ActiveCfg = Debug|Any CPU
		{72F69247-12C4-4F03-9854-F0900C95F8F6}.Debug|Any CPU.Build.0 = Debug|Any CPU
		{72F69247-12C4-4F03-9854-F0900C95F8F6}.Release|Any CPU.ActiveCfg = Release|Any CPU
		{72F69247-12C4-4F03-9854-F0900C95F8F6}.Release|Any CPU.Build.0 = Release|Any CPU
	EndGlobalSection
	GlobalSection(SolutionProperties) = preSolution
		HideSolutionNode = FALSE
	EndGlobalSection
	GlobalSection(ExtensibilityGlobals) = postSolution
		SolutionGuid = {E6503271-D4A0-4AA3-8FAE-373AFF35B331}
	EndGlobalSection
EndGlobal
